{
  "name": "dl2026_spring_fsd2_buslovich",
  "lockfileVersion": 3,
  "requires": true,
  "packages": {
    "": {
      "dependencies": {
        "@openrouter/sdk": "^0.12.8"
      }
    },
    "node_modules/@openrouter/sdk": {
      "version": "0.12.8",
      "resolved": "https://registry.npmmirror.com/@openrouter/sdk/-/sdk-0.12.8.tgz",
      "integrity": "sha512-KHI7Gy0c/4ecerfEPnnVeU/OTpSdFHjNHZOvp7GJVl30jxcWNVDId86N87MefdVyR5T70yZYItDTnlbb49ESGQ==",
      "hasInstallScript": true,
      "license": "Apache-2.0",
      "dependencies": {
        "zod": "^3.25.0 || ^4.0.0"
      }
    },
    "node_modules/zod": {
      "version": "4.3.6",
      "resolved": "https://registry.npmmirror.com/zod/-/zod-4.3.6.tgz",
      "integrity": "sha512-rftlrkhHZOcjDwkGlnUtZZkvaPHCsDATp4pGpuOOMDaTdDDXF91wuVDJoWoPsKX/3YPQ5fHuF3STjcYyKr+Qhg==",
      "license": "MIT",
      "funding": {
        "url": "https://github.com/sponsors/colinhacks"
      }
    }
  }
}
